
Microsoft Visual Studio Solution File, Format Version 12.00
# Visual Studio Version 16
VisualStudioVersion = 16.0.31112.23
MinimumVisualStudioVersion = 10.0.40219.1
Project("{FAE04EC0-301F-11D3-BF4B-00C04F79EFBC}") = "UserRegistration", "UserRegistration\UserRegistration.csproj", "{0342E6AE-C620-4ECC-B947-0BCDE3558AE6}"
EndProject
Global
	GlobalSection(SolutionConfigurationPlatforms) = preSolution
		Debug|Any CPU = Debug|Any CPU
		Release|Any CPU = Release|Any CPU
	EndGlobalSection
	GlobalSection(ProjectConfigurationPlatforms) = postSolution
		{0342E6AE-C620-4ECC-B947-0BCDE3558AE6}.Debug|Any CPU.ActiveCfg = Debug|Any CPU
		{0342E6AE-C620-4ECC-B947-0BCDE3558AE6}.Debug|Any CPU.Build.0 = Debug|Any CPU
		{0342E6AE-C620-4ECC-B947-0BCDE3558AE6}.Release|Any CPU.ActiveCfg = Release|Any CPU
		{0342E6AE-C620-4ECC-B947-0BCDE3558AE6}.Release|Any CPU.Build.0 = Release|Any CPU
	EndGlobalSection
	GlobalSection(SolutionProperties) = preSolution
		HideSolutionNode = FALSE
	EndGlobalSection
	GlobalSection(ExtensibilityGlobals) = postSolution
		SolutionGuid = {C75516C1-6C9A-4A66-B048-41049D0BA7DF}
	EndGlobalSection
EndGlobal
